
Microsoft Visual Studio Solution File, Format Version 10.00
# Visual Studio 2008
Project("{FAE04EC0-301F-11D3-BF4B-00C04F79EFBC}") = "PostRankSharp", "PostRankSharp\PostRankSharp.csproj", "{16C01D01-032D-460C-92B3-331DA1C3EDB9}"
EndProject
Project("{FAE04EC0-301F-11D3-BF4B-00C04F79EFBC}") = "PostRankTester", "PostRankTester\PostRankTester.csproj", "{7E8EF64D-036A-4D85-84A9-4548765F9E4F}"
EndProject
Global
	GlobalSection(SolutionConfigurationPlatforms) = preSolution
		Debug|Any CPU = Debug|Any CPU
		Release|Any CPU = Release|Any CPU
	EndGlobalSection
	GlobalSection(ProjectConfigurationPlatforms) = postSolution
		{16C01D01-032D-460C-92B3-331DA1C3EDB9}.Debug|Any CPU.ActiveCfg = Debug|Any CPU
		{16C01D01-032D-460C-92B3-331DA1C3EDB9}.Debug|Any CPU.Build.0 = Debug|Any CPU
		{16C01D01-032D-460C-92B3-331DA1C3EDB9}.Release|Any CPU.ActiveCfg = Release|Any CPU
		{16C01D01-032D-460C-92B3-331DA1C3EDB9}.Release|Any CPU.Build.0 = Release|Any CPU
		{7E8EF64D-036A-4D85-84A9-4548765F9E4F}.Debug|Any CPU.ActiveCfg = Debug|Any CPU
		{7E8EF64D-036A-4D85-84A9-4548765F9E4F}.Debug|Any CPU.Build.0 = Debug|Any CPU
		{7E8EF64D-036A-4D85-84A9-4548765F9E4F}.Release|Any CPU.ActiveCfg = Release|Any CPU
		{7E8EF64D-036A-4D85-84A9-4548765F9E4F}.Release|Any CPU.Build.0 = Release|Any CPU
	EndGlobalSection
	GlobalSection(SolutionProperties) = preSolution
		HideSolutionNode = FALSE
	EndGlobalSection
EndGlobal
